// !$*UTF8*$!
{
	archiveVersion = 1;
	classes = {
	};
	objectVersion = 50;
	objects = {

/* Begin PBXBuildFile section */
		B91D86A325A381AF001DCE05 /* AppDelegate.swift in Sources */ = {isa = PBXBuildFile; fileRef = B91D86A225A381AF001DCE05 /* AppDelegate.swift */; };
		B91D86A525A381AF001DCE05 /* SceneDelegate.swift in Sources */ = {isa = PBXBuildFile; fileRef = B91D86A425A381AF001DCE05 /* SceneDelegate.swift */; };
		B91D86A725A381AF001DCE05 /* MemeEditViewController.swift in Sources */ = {isa = PBXBuildFile; fileRef = B91D86A625A381AF001DCE05 /* MemeEditViewController.swift */; };
		B91D86AA25A381AF001DCE05 /* Main.storyboard in Resources */ = {isa = PBXBuildFile; fileRef = B91D86A825A381AF001DCE05 /* Main.storyboard */; };
		B91D86AC25A381B0001DCE05 /* Assets.xcassets in Resources */ = {isa = PBXBuildFile; fileRef = B91D86AB25A381B0001DCE05 /* Assets.xcassets */; };
		B92839F925BA7E700014473F /* LaunchScreen.xib in Resources */ = {isa = PBXBuildFile; fileRef = B92839F825BA7E700014473F /* LaunchScreen.xib */; };
		B934303325A878A00030602B /* Meme.swift in Sources */ = {isa = PBXBuildFile; fileRef = B934303225A878A00030602B /* Meme.swift */; };
		B93CD85B25BF1C52004FD454 /* TabBarController.swift in Sources */ = {isa = PBXBuildFile; fileRef = B93CD85A25BF1C52004FD454 /* TabBarController.swift */; };
		B964579B25C110D8002F7279 /* TableViewCell.swift in Sources */ = {isa = PBXBuildFile; fileRef = B964579A25C110D8002F7279 /* TableViewCell.swift */; };
		B98D5BF025A7667D00B95EDF /* textfieldDelegate.swift in Sources */ = {isa = PBXBuildFile; fileRef = B98D5BEF25A7667D00B95EDF /* textfieldDelegate.swift */; };
		B9EE52EA25BDAAFF00AAE2F7 /* SentMemesCollectionViewController.swift in Sources */ = {isa = PBXBuildFile; fileRef = B9EE52E925BDAAFF00AAE2F7 /* SentMemesCollectionViewController.swift */; };
		B9EE52ED25BDAB7900AAE2F7 /* SentMemesTableViewController.swift in Sources */ = {isa = PBXBuildFile; fileRef = B9EE52EC25BDAB7900AAE2F7 /* SentMemesTableViewController.swift */; };
		B9EE52F225BDB8DF00AAE2F7 /* MemeCollectionViewCell.swift in Sources */ = {isa = PBXBuildFile; fileRef = B9EE52F125BDB8DF00AAE2F7 /* MemeCollectionViewCell.swift */; };
/* End PBXBuildFile section */

/* Begin PBXFileReference section */
		B91D869F25A381AF001DCE05 /* MemeMe v2.app */ = {isa = PBXFileReference; explicitFileType = wrapper.application; includeInIndex = 0; path = "MemeMe v2.app"; sourceTree = BUILT_PRODUCTS_DIR; };
		B91D86A225A381AF001DCE05 /* AppDelegate.swift */ = {isa = PBXFileReference; lastKnownFileType = sourcecode.swift; path = AppDelegate.swift; sourceTree = "<group>"; };
		B91D86A425A381AF001DCE05 /* SceneDelegate.swift */ = {isa = PBXFileReference; lastKnownFileType = sourcecode.swift; path = SceneDelegate.swift; sourceTree = "<group>"; };
		B91D86A625A381AF001DCE05 /* MemeEditViewController.swift */ = {isa = PBXFileReference; lastKnownFileType = sourcecode.swift; path = MemeEditViewController.swift; sourceTree = "<group>"; };
		B91D86A925A381AF001DCE05 /* Base */ = {isa = PBXFileReference; lastKnownFileType = file.storyboard; name = Base; path = Base.lproj/Main.storyboard; sourceTree = "<group>"; };
		B91D86AB25A381B0001DCE05 /* Assets.xcassets */ = {isa = PBXFileReference; lastKnownFileType = folder.assetcatalog; path = Assets.xcassets; sourceTree = "<group>"; };
		B91D86B025A381B0001DCE05 /* Info.plist */ = {isa = PBXFileReference; lastKnownFileType = text.plist.xml; path = Info.plist; sourceTree = "<group>"; };
		B92839F825BA7E700014473F /* LaunchScreen.xib */ = {isa = PBXFileReference; fileEncoding = 4; lastKnownFileType = file.xib; path = LaunchScreen.xib; sourceTree = "<group>"; };
		B934303225A878A00030602B /* Meme.swift */ = {isa = PBXFileReference; lastKnownFileType = sourcecode.swift; path = Meme.swift; sourceTree = "<group>"; };
		B93CD85A25BF1C52004FD454 /* TabBarController.swift */ = {isa = PBXFileReference; lastKnownFileType = sourcecode.swift; path = TabBarController.swift; sourceTree = "<group>"; };
		B964579A25C110D8002F7279 /* TableViewCell.swift */ = {isa = PBXFileReference; lastKnownFileType = sourcecode.swift; path = TableViewCell.swift; sourceTree = "<group>"; };
		B98D5BEF25A7667D00B95EDF /* textfieldDelegate.swift */ = {isa = PBXFileReference; fileEncoding = 4; lastKnownFileType = sourcecode.swift; path = textfieldDelegate.swift; sourceTree = "<group>"; };
		B9EE52E925BDAAFF00AAE2F7 /* SentMemesCollectionViewController.swift */ = {isa = PBXFileReference; lastKnownFileType = sourcecode.swift; path = SentMemesCollectionViewController.swift; sourceTree = "<group>"; };
		B9EE52EC25BDAB7900AAE2F7 /* SentMemesTableViewController.swift */ = {isa = PBXFileReference; lastKnownFileType = sourcecode.swift; path = SentMemesTableViewController.swift; sourceTree = "<group>"; };
		B9EE52F125BDB8DF00AAE2F7 /* MemeCollectionViewCell.swift */ = {isa = PBXFileReference; lastKnownFileType = sourcecode.swift; path = MemeCollectionViewCell.swift; sourceTree = "<group>"; };
/* End PBXFileReference section */

/* Begin PBXFrameworksBuildPhase section */
		B91D869C25A381AF001DCE05 /* Frameworks */ = {
			isa = PBXFrameworksBuildPhase;
			buildActionMask = 2147483647;
			files = (
			);
			runOnlyForDeploymentPostprocessing = 0;
		};
/* End PBXFrameworksBuildPhase section */

/* Begin PBXGroup section */
		B91D869625A381AF001DCE05 = {
			isa = PBXGroup;
			children = (
				B91D86A125A381AF001DCE05 /* MemeMe v2 */,
				B91D86A025A381AF001DCE05 /* Products */,
			);
			sourceTree = "<group>";
		};
		B91D86A025A381AF001DCE05 /* Products */ = {
			isa = PBXGroup;
			children = (
				B91D869F25A381AF001DCE05 /* MemeMe v2.app */,
			);
			name = Products;
			sourceTree = "<group>";
		};
		B91D86A125A381AF001DCE05 /* MemeMe v2 */ = {
			isa = PBXGroup;
			children = (
				B91D86A225A381AF001DCE05 /* AppDelegate.swift */,
				B91D86A425A381AF001DCE05 /* SceneDelegate.swift */,
				B934303225A878A00030602B /* Meme.swift */,
				B9EE52F125BDB8DF00AAE2F7 /* MemeCollectionViewCell.swift */,
				B9EE52E925BDAAFF00AAE2F7 /* SentMemesCollectionViewController.swift */,
				B9EE52EC25BDAB7900AAE2F7 /* SentMemesTableViewController.swift */,
				B91D86A625A381AF001DCE05 /* MemeEditViewController.swift */,
				B93CD85A25BF1C52004FD454 /* TabBarController.swift */,
				B98D5BEF25A7667D00B95EDF /* textfieldDelegate.swift */,
				B91D86A825A381AF001DCE05 /* Main.storyboard */,
				B91D86AB25A381B0001DCE05 /* Assets.xcassets */,
				B92839F825BA7E700014473F /* LaunchScreen.xib */,
				B91D86B025A381B0001DCE05 /* Info.plist */,
				B964579A25C110D8002F7279 /* TableViewCell.swift */,
			);
			path = "MemeMe v2";
			sourceTree = "<group>";
		};
/* End PBXGroup section */

/* Begin PBXNativeTarget section */
		B91D869E25A381AF001DCE05 /* MemeMe v2 */ = {
			isa = PBXNativeTarget;
			buildConfigurationList = B91D86B325A381B0001DCE05 /* Build configuration list for PBXNativeTarget "MemeMe v2" */;
			buildPhases = (
				B91D869B25A381AF001DCE05 /* Sources */,
				B91D869C25A381AF001DCE05 /* Frameworks */,
				B91D869D25A381AF001DCE05 /* Resources */,
			);
			buildRules = (
			);
			dependencies = (
			);
			name = "MemeMe v2";
			productName = "MemeMe v1";
			productReference = B91D869F25A381AF001DCE05 /* MemeMe v2.app */;
			productType = "com.apple.product-type.application";
		};
/* End PBXNativeTarget section */

/* Begin PBXProject section */
		B91D869725A381AF001DCE05 /* Project object */ = {
			isa = PBXProject;
			attributes = {
				LastSwiftUpdateCheck = 1230;
				LastUpgradeCheck = 1230;
				TargetAttributes = {
					B91D869E25A381AF001DCE05 = {
						CreatedOnToolsVersion = 12.3;
					};
				};
			};
			buildConfigurationList = B91D869A25A381AF001DCE05 /* Build configuration list for PBXProject "MemeMe v2" */;
			compatibilityVersion = "Xcode 9.3";
			developmentRegion = en;
			hasScannedForEncodings = 0;
			knownRegions = (
				en,
				Base,
			);
			mainGroup = B91D869625A381AF001DCE05;
			productRefGroup = B91D86A025A381AF001DCE05 /* Products */;
			projectDirPath = "";
			projectRoot = "";
			targets = (
				B91D869E25A381AF001DCE05 /* MemeMe v2 */,
			);
		};
/* End PBXProject section */

/* Begin PBXResourcesBuildPhase section */
		B91D869D25A381AF001DCE05 /* Resources */ = {
			isa = PBXResourcesBuildPhase;
			buildActionMask = 2147483647;
			files = (
				B92839F925BA7E700014473F /* LaunchScreen.xib in Resources */,
				B91D86AC25A381B0001DCE05 /* Assets.xcassets in Resources */,
				B91D86AA25A381AF001DCE05 /* Main.storyboard in Resources */,
			);
			runOnlyForDeploymentPostprocessing = 0;
		};
/* End PBXResourcesBuildPhase section */

/* Begin PBXSourcesBuildPhase section */
		B91D869B25A381AF001DCE05 /* Sources */ = {
			isa = PBXSourcesBuildPhase;
			buildActionMask = 2147483647;
			files = (
				B9EE52EA25BDAAFF00AAE2F7 /* SentMemesCollectionViewController.swift in Sources */,
				B91D86A725A381AF001DCE05 /* MemeEditViewController.swift in Sources */,
				B9EE52F225BDB8DF00AAE2F7 /* MemeCollectionViewCell.swift in Sources */,
				B91D86A325A381AF001DCE05 /* AppDelegate.swift in Sources */,
				B98D5BF025A7667D00B95EDF /* textfieldDelegate.swift in Sources */,
				B964579B25C110D8002F7279 /* TableViewCell.swift in Sources */,
				B9EE52ED25BDAB7900AAE2F7 /* SentMemesTableViewController.swift in Sources */,
				B91D86A525A381AF001DCE05 /* SceneDelegate.swift in Sources */,
				B93CD85B25BF1C52004FD454 /* TabBarController.swift in Sources */,
				B934303325A878A00030602B /* Meme.swift in Sources */,
			);
			runOnlyForDeploymentPostprocessing = 0;
		};
/* End PBXSourcesBuildPhase section */

/* Begin PBXVariantGroup section */
		B91D86A825A381AF001DCE05 /* Main.storyboard */ = {
			isa = PBXVariantGroup;
			children = (
				B91D86A925A381AF001DCE05 /* Base */,
			);
			name = Main.storyboard;
			sourceTree = "<group>";
		};
/* End PBXVariantGroup section */

/* Begin XCBuildConfiguration section */
		B91D86B125A381B0001DCE05 /* Debug */ = {
			isa = XCBuildConfiguration;
			buildSettings = {
				ALWAYS_SEARCH_USER_PATHS = NO;
				CLANG_ANALYZER_NONNULL = YES;
				CLANG_ANALYZER_NUMBER_OBJECT_CONVERSION = YES_AGGRESSIVE;
				CLANG_CXX_LANGUAGE_STANDARD = "gnu++14";
				CLANG_CXX_LIBRARY = "libc++";
				CLANG_ENABLE_MODULES = YES;
				CLANG_ENABLE_OBJC_ARC = YES;
				CLANG_ENABLE_OBJC_WEAK = YES;
				CLANG_WARN_BLOCK_CAPTURE_AUTORELEASING = YES;
				CLANG_WARN_BOOL_CONVERSION = YES;
				CLANG_WARN_COMMA = YES;
				CLANG_WARN_CONSTANT_CONVERSION = YES;
				CLANG_WARN_DEPRECATED_OBJC_IMPLEMENTATIONS = YES;
				CLANG_WARN_DIRECT_OBJC_ISA_USAGE = YES_ERROR;
				CLANG_WARN_DOCUMENTATION_COMMENTS = YES;
				CLANG_WARN_EMPTY_BODY = YES;
				CLANG_WARN_ENUM_CONVERSION = YES;
				CLANG_WARN_INFINITE_RECURSION = YES;
				CLANG_WARN_INT_CONVERSION = YES;
				CLANG_WARN_NON_LITERAL_NULL_CONVERSION = YES;
				CLANG_WARN_OBJC_IMPLICIT_RETAIN_SELF = YES;
				CLANG_WARN_OBJC_LITERAL_CONVERSION = YES;
				CLANG_WARN_OBJC_ROOT_CLASS = YES_ERROR;
				CLANG_WARN_QUOTED_INCLUDE_IN_FRAMEWORK_HEADER = YES;
				CLANG_WARN_RANGE_LOOP_ANALYSIS = YES;
				CLANG_WARN_STRICT_PROTOTYPES = YES;
				CLANG_WARN_SUSPICIOUS_MOVE = YES;
				CLANG_WARN_UNGUARDED_AVAILABILITY = YES_AGGRESSIVE;
				CLANG_WARN_UNREACHABLE_CODE = YES;
				CLANG_WARN__DUPLICATE_METHOD_MATCH = YES;
				COPY_PHASE_STRIP = NO;
				DEBUG_INFORMATION_FORMAT = dwarf;
				ENABLE_STRICT_OBJC_MSGSEND = YES;
				ENABLE_TESTABILITY = YES;
				GCC_C_LANGUAGE_STANDARD = gnu11;
				GCC_DYNAMIC_NO_PIC = NO;
				GCC_NO_COMMON_BLOCKS = YES;
				GCC_OPTIMIZATION_LEVEL = 0;
				GCC_PREPROCESSOR_DEFINITIONS = (
					"DEBUG=1",
					"$(inherited)",
				);
				GCC_WARN_64_TO_32_BIT_CONVERSION = YES;
				GCC_WARN_ABOUT_RETURN_TYPE = YES_ERROR;
				GCC_WARN_UNDECLARED_SELECTOR = YES;
				GCC_WARN_UNINITIALIZED_AUTOS = YES_AGGRESSIVE;
				GCC_WARN_UNUSED_FUNCTION = YES;
				GCC_WARN_UNUSED_VARIABLE = YES;
				IPHONEOS_DEPLOYMENT_TARGET = 14.3;
				MTL_ENABLE_DEBUG_INFO = INCLUDE_SOURCE;
				MTL_FAST_MATH = YES;
				ONLY_ACTIVE_ARCH = YES;
				SDKROOT = iphoneos;
				SWIFT_ACTIVE_COMPILATION_CONDITIONS = DEBUG;
				SWIFT_OPTIMIZATION_LEVEL = "-Onone";
			};
			name = Debug;
		};
		B91D86B225A381B0001DCE05 /* Release */ = {
			isa = XCBuildConfiguration;
			buildSettings = {
				ALWAYS_SEARCH_USER_PATHS = NO;
				CLANG_ANALYZER_NONNULL = YES;
				CLANG_ANALYZER_NUMBER_OBJECT_CONVERSION = YES_AGGRESSIVE;
				CLANG_CXX_LANGUAGE_STANDARD = "gnu++14";
				CLANG_CXX_LIBRARY = "libc++";
				CLANG_ENABLE_MODULES = YES;
				CLANG_ENABLE_OBJC_ARC = YES;
				CLANG_ENABLE_OBJC_WEAK = YES;
				CLANG_WARN_BLOCK_CAPTURE_AUTORELEASING = YES;
				CLANG_WARN_BOOL_CONVERSION = YES;
				CLANG_WARN_COMMA = YES;
				CLANG_WARN_CONSTANT_CONVERSION = YES;
				CLANG_WARN_DEPRECATED_OBJC_IMPLEMENTATIONS = YES;
				CLANG_WARN_DIRECT_OBJC_ISA_USAGE = YES_ERROR;
				CLANG_WARN_DOCUMENTATION_COMMENTS = YES;
				CLANG_WARN_EMPTY_BODY = YES;
				CLANG_WARN_ENUM_CONVERSION = YES;
				CLANG_WARN_INFINITE_RECURSION = YES;
				CLANG_WARN_INT_CONVERSION = YES;
				CLANG_WARN_NON_LITERAL_NULL_CONVERSION = YES;
				CLANG_WARN_OBJC_IMPLICIT_RETAIN_SELF = YES;
				CLANG_WARN_OBJC_LITERAL_CONVERSION = YES;
				CLANG_WARN_OBJC_ROOT_CLASS = YES_ERROR;
				CLANG_WARN_QUOTED_INCLUDE_IN_FRAMEWORK_HEADER = YES;
				CLANG_WARN_RANGE_LOOP_ANALYSIS = YES;
				CLANG_WARN_STRICT_PROTOTYPES = YES;
				CLANG_WARN_SUSPICIOUS_MOVE = YES;
				CLANG_WARN_UNGUARDED_AVAILABILITY = YES_AGGRESSIVE;
				CLANG_WARN_UNREACHABLE_CODE = YES;
				CLANG_WARN__DUPLICATE_METHOD_MATCH = YES;
				COPY_PHASE_STRIP = NO;
				DEBUG_INFORMATION_FORMAT = "dwarf-with-dsym";
				ENABLE_NS_ASSERTIONS = NO;
				ENABLE_STRICT_OBJC_MSGSEND = YES;
				GCC_C_LANGUAGE_STANDARD = gnu11;
				GCC_NO_COMMON_BLOCKS = YES;
				GCC_WARN_64_TO_32_BIT_CONVERSION = YES;
				GCC_WARN_ABOUT_RETURN_TYPE = YES_ERROR;
				GCC_WARN_UNDECLARED_SELECTOR = YES;
				GCC_WARN_UNINITIALIZED_AUTOS = YES_AGGRESSIVE;
				GCC_WARN_UNUSED_FUNCTION = YES;
				GCC_WARN_UNUSED_VARIABLE = YES;
				IPHONEOS_DEPLOYMENT_TARGET = 14.3;
				MTL_ENABLE_DEBUG_INFO = NO;
				MTL_FAST_MATH = YES;
				SDKROOT = iphoneos;
				SWIFT_COMPILATION_MODE = wholemodule;
				SWIFT_OPTIMIZATION_LEVEL = "-O";
				VALIDATE_PRODUCT = YES;
			};
			name = Release;
		};
		B91D86B425A381B0001DCE05 /* Debug */ = {
			isa = XCBuildConfiguration;
			buildSettings = {
				ASSETCATALOG_COMPILER_APPICON_NAME = AppIcon;
				ASSETCATALOG_COMPILER_GLOBAL_ACCENT_COLOR_NAME = AccentColor;
				CODE_SIGN_STYLE = Automatic;
				DEVELOPMENT_TEAM = "";
				INFOPLIST_FILE = "MemeMe v2/Info.plist";
				LD_RUNPATH_SEARCH_PATHS = (
					"$(inherited)",
					"@executable_path/Frameworks",
				);
				PRODUCT_BUNDLE_IDENTIFIER = "project.MemeMe-v2";
				PRODUCT_NAME = "$(TARGET_NAME)";
				SWIFT_VERSION = 5.0;
				TARGETED_DEVICE_FAMILY = "1,2";
			};
			name = Debug;
		};
		B91D86B525A381B0001DCE05 /* Release */ = {
			isa = XCBuildConfiguration;
			buildSettings = {
				ASSETCATALOG_COMPILER_APPICON_NAME = AppIcon;
				ASSETCATALOG_COMPILER_GLOBAL_ACCENT_COLOR_NAME = AccentColor;
				CODE_SIGN_STYLE = Automatic;
				DEVELOPMENT_TEAM = Q659HB4U5Q;
				INFOPLIST_FILE = "MemeMe v2/Info.plist";
				LD_RUNPATH_SEARCH_PATHS = (
					"$(inherited)",
					"@executable_path/Frameworks",
				);
				PRODUCT_BUNDLE_IDENTIFIER = "project.MemeMe-v2";
				PRODUCT_NAME = "$(TARGET_NAME)";
				SWIFT_VERSION = 5.0;
				TARGETED_DEVICE_FAMILY = "1,2";
			};
			name = Release;
		};
/* End XCBuildConfiguration section */

/* Begin XCConfigurationList section */
		B91D869A25A381AF001DCE05 /* Build configuration list for PBXProject "MemeMe v2" */ = {
			isa = XCConfigurationList;
			buildConfigurations = (
				B91D86B125A381B0001DCE05 /* Debug */,
				B91D86B225A381B0001DCE05 /* Release */,
			);
			defaultConfigurationIsVisible = 0;
			defaultConfigurationName = Release;
		};
		B91D86B325A381B0001DCE05 /* Build configuration list for PBXNativeTarget "MemeMe v2" */ = {
			isa = XCConfigurationList;
			buildConfigurations = (
				B91D86B425A381B0001DCE05 /* Debug */,
				B91D86B525A381B0001DCE05 /* Release */,
			);
			defaultConfigurationIsVisible = 0;
			defaultConfigurationName = Release;
		};
/* End XCConfigurationList section */
	};
	rootObject = B91D869725A381AF001DCE05 /* Project object */;
}
